{
  "name": "sailpoint-iiq-dev-accelerator-language-server",
  "version": "0.0.1",
  "lockfileVersion": 2,
  "requires": true,
  "packages": {
    "": {
      "name": "sailpoint-iiq-dev-accelerator-language-server",
      "version": "0.0.1",
      "license": "MIT",
      "devDependencies": {}
    }
  }
}
